{
  "nodes": {
    "borderless-browser": {
      "inputs": {
        "nixpkgs": [
          "nixpkgs"
        ]
      },
      "locked": {
        "lastModified": 1633099475,
        "narHash": "sha256-p2MWVr5R/f9Ga103wOC07l9NEek4TxTOTv68S+TbJNY=",
        "owner": "lucasew",
        "repo": "borderless-browser.nix",
        "rev": "330b141a03cea1187a46ef15b85e39757930f42a",
        "type": "github"
      },
      "original": {
        "owner": "lucasew",
        "repo": "borderless-browser.nix",
        "type": "github"
      }
    },
    "comma": {
      "flake": false,
      "locked": {
        "lastModified": 1588170489,
        "narHash": "sha256-IT7zlcM1Oh4sWeCJ1m4NkteuajPxTnNo1tbitG0eqlg=",
        "owner": "Shopify",
        "repo": "comma",
        "rev": "4a62ec17e20ce0e738a8e5126b4298a73903b468",
        "type": "github"
      },
      "original": {
        "owner": "Shopify",
        "repo": "comma",
        "type": "github"
      }
    },
    "dotenv": {
      "flake": false,
      "locked": {
        "lastModified": 1611174470,
        "narHash": "sha256-/HssR3ouOuF/YMV59r0sDrJ0VwAwXyzO1XjT/JM5rSA=",
        "owner": "lucasew",
        "repo": "dotenv",
        "rev": "c831ecac919d51c385d60a319081185d9f94a8e1",
        "type": "github"
      },
      "original": {
        "owner": "lucasew",
        "repo": "dotenv",
        "type": "github"
      }
    },
    "flake-utils": {
      "locked": {
        "lastModified": 1601282935,
        "narHash": "sha256-WQAFV6sGGQxrRs3a+/Yj9xUYvhTpukQJIcMbIi7LCJ4=",
        "owner": "numtide",
        "repo": "flake-utils",
        "rev": "588973065fce51f4763287f0fda87a174d78bf48",
        "type": "github"
      },
      "original": {
        "owner": "numtide",
        "repo": "flake-utils",
        "type": "github"
      }
    },
    "home-manager": {
      "inputs": {
        "nixpkgs": [
          "nixpkgs"
        ]
      },
      "locked": {
        "lastModified": 1634544068,
        "narHash": "sha256-RlRQBaAHfdWqfRyHdWuDPMkplBTYwuyDQqDcNbP/Sog=",
        "owner": "nix-community",
        "repo": "home-manager",
        "rev": "ff2bed9dac84fb202bbb3c49fdcfe30c29d0b12f",
        "type": "github"
      },
      "original": {
        "owner": "nix-community",
        "ref": "release-21.05",
        "repo": "home-manager",
        "type": "github"
      }
    },
    "impermanence": {
      "locked": {
        "lastModified": 1635517258,
        "narHash": "sha256-8iV8f9eZ/5cE0DmG7VmNSiCqpe00yL5HbOO7nZJm1Oo=",
        "owner": "nix-community",
        "repo": "impermanence",
        "rev": "ce77ed9bd069e57a7a688d360196e576ca63a842",
        "type": "github"
      },
      "original": {
        "owner": "nix-community",
        "repo": "impermanence",
        "type": "github"
      }
    },
    "mach-nix": {
      "inputs": {
        "flake-utils": "flake-utils",
        "nixpkgs": [
          "nixpkgs"
        ],
        "pypi-deps-db": "pypi-deps-db"
      },
      "locked": {
        "lastModified": 1635348539,
        "narHash": "sha256-SXrwF/KPz8McBN8kN+HTfGphE1hiRSr1mtXSVjPJr8o=",
        "owner": "DavHau",
        "repo": "mach-nix",
        "rev": "98d001727542bb6142d0ab554fc30bd591b07c73",
        "type": "github"
      },
      "original": {
        "owner": "DavHau",
        "repo": "mach-nix",
        "type": "github"
      }
    },
    "nix-ld": {
      "inputs": {
        "nixpkgs": [
          "nixpkgs"
        ],
        "utils": "utils"
      },
      "locked": {
        "lastModified": 1635665790,
        "narHash": "sha256-VtMdSxlqHZcSlEB27mYhHIGPLJmgCPGh10QtNuryl9Y=",
        "owner": "Mic92",
        "repo": "nix-ld",
        "rev": "42b6b0e7d476580592e9d6461f25206ef74b11cc",
        "type": "github"
      },
      "original": {
        "owner": "Mic92",
        "repo": "nix-ld",
        "type": "github"
      }
    },
    "nix-option": {
      "flake": false,
      "locked": {
        "lastModified": 1635712059,
        "narHash": "sha256-psivvcVMDxlBjM8fgy+IJJLgYOCJZWfVA+qqzrXgus4=",
        "owner": "lucasew",
        "repo": "nix-option",
        "rev": "90a8f980e4e24e2bc8371427921ad79df44ca6d0",
        "type": "github"
      },
      "original": {
        "owner": "lucasew",
        "repo": "nix-option",
        "type": "github"
      }
    },
    "nix-vscode": {
      "flake": false,
      "locked": {
        "lastModified": 1635687717,
        "narHash": "sha256-Snue4H7ajvQnKMbP1GLtsEQ7mJmIb/cldUNBq0rdr1c=",
        "owner": "lucasew",
        "repo": "nix-vscode",
        "rev": "ac26894ddf88be65e175c8eeda108c1a831d9240",
        "type": "github"
      },
      "original": {
        "owner": "lucasew",
        "repo": "nix-vscode",
        "type": "github"
      }
    },
    "nixgram": {
      "flake": false,
      "locked": {
        "lastModified": 1611597144,
        "narHash": "sha256-vZNtB9lqqqk/yalEmaMXl0ZZP84guwgb8p1934a+0RQ=",
        "owner": "lucasew",
        "repo": "nixgram",
        "rev": "9cab8548ab26b44d513d6af28333ad92ec686028",
        "type": "github"
      },
      "original": {
        "owner": "lucasew",
        "ref": "master",
        "repo": "nixgram",
        "type": "github"
      }
    },
    "nixlib": {
      "locked": {
        "lastModified": 1624753224,
        "narHash": "sha256-ZUEcPzgU1w8ZYeEgfcpzeciYcZShQZbEfRN2tV+K2yQ=",
        "owner": "nix-community",
        "repo": "nixpkgs.lib",
        "rev": "7b4dc08734c5c4703b22b9c780417042e1c8f020",
        "type": "github"
      },
      "original": {
        "owner": "nix-community",
        "repo": "nixpkgs.lib",
        "type": "github"
      }
    },
    "nixos-generators": {
      "inputs": {
        "nixlib": "nixlib",
        "nixpkgs": [
          "nixpkgs"
        ]
      },
      "locked": {
        "lastModified": 1635867875,
        "narHash": "sha256-8NydhVbptXn7gMHYyZMPrXwdxC2yUvg76TYt2dFFnKo=",
        "owner": "nix-community",
        "repo": "nixos-generators",
        "rev": "d8fa9dc9adbaf12ac501cf578f10e52752fc6d56",
        "type": "github"
      },
      "original": {
        "owner": "nix-community",
        "repo": "nixos-generators",
        "type": "github"
      }
    },
    "nixos-hardware": {
      "locked": {
        "lastModified": 1635449388,
        "narHash": "sha256-i7hMiAgpRTGsMPTQKuNCDfW/ftQ+g9N6iaMj+RN6yws=",
        "owner": "NixOS",
        "repo": "nixos-hardware",
        "rev": "518b9c2159e7d4b7696ee18b8828f9086012923b",
        "type": "github"
      },
      "original": {
        "owner": "NixOS",
        "repo": "nixos-hardware",
        "type": "github"
      }
    },
    "nixpkgs": {
      "locked": {
        "lastModified": 1635719588,
        "narHash": "sha256-pWjdy0NheM97NsPE6+jUnr5LYyeA0sBGTdw4mfXMGZQ=",
        "owner": "NixOS",
        "repo": "nixpkgs",
        "rev": "f0869b1a2c0b150aac26e10bb5c2364ffb2e804f",
        "type": "github"
      },
      "original": {
        "owner": "NixOS",
        "ref": "nixos-21.05",
        "repo": "nixpkgs",
        "type": "github"
      }
    },
    "nixpkgsLatest": {
      "locked": {
        "lastModified": 1635881261,
        "narHash": "sha256-aZ/nQIJGrvTVJWhhZ4edHHx+rgIYC7Jr+A8BaNLlw6k=",
        "owner": "NixOS",
        "repo": "nixpkgs",
        "rev": "1cb23458456d395e41de07c084509624ec4886fd",
        "type": "github"
      },
      "original": {
        "owner": "NixOS",
        "ref": "master",
        "repo": "nixpkgs",
        "type": "github"
      }
    },
    "nur": {
      "locked": {
        "lastModified": 1635876996,
        "narHash": "sha256-XEL96O4xSSnU7QiZ/qctGVFeqXOuTApQ6LALr23SWpc=",
        "owner": "nix-community",
        "repo": "NUR",
        "rev": "1933c7eff8e9640a02163c45eee919e2e52d080a",
        "type": "github"
      },
      "original": {
        "owner": "nix-community",
        "ref": "master",
        "repo": "NUR",
        "type": "github"
      }
    },
    "pocket2kindle": {
      "flake": false,
      "locked": {
        "lastModified": 1622762849,
        "narHash": "sha256-shlDw5QHH6Regl2LxdurrNqx8IMxnQgsaqsxpRaprQY=",
        "owner": "lucasew",
        "repo": "pocket2kindle",
        "rev": "2b100790585dcd699000fee636efdc3a1e36a1ef",
        "type": "github"
      },
      "original": {
        "owner": "lucasew",
        "repo": "pocket2kindle",
        "type": "github"
      }
    },
    "pypi-deps-db": {
      "flake": false,
      "locked": {
        "lastModified": 1622970040,
        "narHash": "sha256-u//RFnae/XMIhoy83G2uH2Qu/1LiUhVCdwwY1xj4Ufs=",
        "owner": "DavHau",
        "repo": "pypi-deps-db",
        "rev": "be6591698c67a86a69c81fef72167e38d038a9fc",
        "type": "github"
      },
      "original": {
        "owner": "DavHau",
        "repo": "pypi-deps-db",
        "type": "github"
      }
    },
    "redial_proxy": {
      "flake": false,
      "locked": {
        "lastModified": 1610661010,
        "narHash": "sha256-nWGbj6uNjPMP/HhvP6k9bnjI9ktBYt6sfD2LsC7mTgA=",
        "owner": "lucasew",
        "repo": "redial_proxy",
        "rev": "82fdf673d8e800e9ecacaeb9a9a1e873f80c5355",
        "type": "github"
      },
      "original": {
        "owner": "lucasew",
        "repo": "redial_proxy",
        "type": "github"
      }
    },
    "root": {
      "inputs": {
        "borderless-browser": "borderless-browser",
        "comma": "comma",
        "dotenv": "dotenv",
        "home-manager": "home-manager",
        "impermanence": "impermanence",
        "mach-nix": "mach-nix",
        "nix-ld": "nix-ld",
        "nix-option": "nix-option",
        "nix-vscode": "nix-vscode",
        "nixgram": "nixgram",
        "nixos-generators": "nixos-generators",
        "nixos-hardware": "nixos-hardware",
        "nixpkgs": "nixpkgs",
        "nixpkgsLatest": "nixpkgsLatest",
        "nur": "nur",
        "pocket2kindle": "pocket2kindle",
        "redial_proxy": "redial_proxy",
        "send2kindle": "send2kindle"
      }
    },
    "send2kindle": {
      "flake": false,
      "locked": {
        "lastModified": 1617294349,
        "narHash": "sha256-fmZlCaGqxDqCndwIbGT9k0FmQG+GOd4/1oiqCw3HD9M=",
        "owner": "lucasew",
        "repo": "send2kindle",
        "rev": "82dced627ba2421586fa07c9cc09a946043e09d9",
        "type": "github"
      },
      "original": {
        "owner": "lucasew",
        "repo": "send2kindle",
        "type": "github"
      }
    },
    "utils": {
      "locked": {
        "lastModified": 1610051610,
        "narHash": "sha256-U9rPz/usA1/Aohhk7Cmc2gBrEEKRzcW4nwPWMPwja4Y=",
        "owner": "numtide",
        "repo": "flake-utils",
        "rev": "3982c9903e93927c2164caa727cd3f6a0e6d14cc",
        "type": "github"
      },
      "original": {
        "owner": "numtide",
        "repo": "flake-utils",
        "type": "github"
      }
    }
  },
  "root": "root",
  "version": 7
}
